
Microsoft Visual Studio Solution File, Format Version 12.00
# Visual Studio 15
VisualStudioVersion = 15.0.27703.2026
MinimumVisualStudioVersion = 10.0.40219.1
Project("{FAE04EC0-301F-11D3-BF4B-00C04F79EFBC}") = "RTDbExample.Android", "RTDbExample\RTDbExample.Android\RTDbExample.Android.csproj", "{E219BC8F-9D22-471F-BFED-33D2A77C9F00}"
EndProject
Project("{FAE04EC0-301F-11D3-BF4B-00C04F79EFBC}") = "RTDbExample.iOS", "RTDbExample\RTDbExample.iOS\RTDbExample.iOS.csproj", "{DE0DE6E3-12EC-49F3-ADE9-728BC72649AC}"
EndProject
Project("{FAE04EC0-301F-11D3-BF4B-00C04F79EFBC}") = "RTDbExample", "RTDbExample\RTDbExample\RTDbExample.csproj", "{E4833E47-1A5D-4EB8-8EA5-ADEDBC29E1E7}"
EndProject
Global
	GlobalSection(SolutionConfigurationPlatforms) = preSolution
		Ad-Hoc|Any CPU = Ad-Hoc|Any CPU
		Ad-Hoc|iPhone = Ad-Hoc|iPhone
		Ad-Hoc|iPhoneSimulator = Ad-Hoc|iPhoneSimulator
		AppStore|Any CPU = AppStore|Any CPU
		AppStore|iPhone = AppStore|iPhone
		AppStore|iPhoneSimulator = AppStore|iPhoneSimulator
		Debug|Any CPU = Debug|Any CPU
		Debug|iPhone = Debug|iPhone
		Debug|iPhoneSimulator = Debug|iPhoneSimulator
		Release|Any CPU = Release|Any CPU
		Release|iPhone = Release|iPhone
		Release|iPhoneSimulator = Release|iPhoneSimulator
	EndGlobalSection
	GlobalSection(ProjectConfigurationPlatforms) = postSolution
		{E219BC8F-9D22-471F-BFED-33D2A77C9F00}.Ad-Hoc|Any CPU.ActiveCfg = Release|Any CPU
		{E219BC8F-9D22-471F-BFED-33D2A77C9F00}.Ad-Hoc|Any CPU.Build.0 = Release|Any CPU
		{E219BC8F-9D22-471F-BFED-33D2A77C9F00}.Ad-Hoc|Any CPU.Deploy.0 = Release|Any CPU
		{E219BC8F-9D22-471F-BFED-33D2A77C9F00}.Ad-Hoc|iPhone.ActiveCfg = Release|Any CPU
		{E219BC8F-9D22-471F-BFED-33D2A77C9F00}.Ad-Hoc|iPhone.Build.0 = Release|Any CPU
		{E219BC8F-9D22-471F-BFED-33D2A77C9F00}.Ad-Hoc|iPhone.Deploy.0 = Release|Any CPU
		{E219BC8F-9D22-471F-BFED-33D2A77C9F00}.Ad-Hoc|iPhoneSimulator.ActiveCfg = Release|Any CPU
		{E219BC8F-9D22-471F-BFED-33D2A77C9F00}.Ad-Hoc|iPhoneSimulator.Build.0 = Release|Any CPU
		{E219BC8F-9D22-471F-BFED-33D2A77C9F00}.Ad-Hoc|iPhoneSimulator.Deploy.0 = Release|Any CPU
		{E219BC8F-9D22-471F-BFED-33D2A77C9F00}.AppStore|Any CPU.ActiveCfg = Release|Any CPU
		{E219BC8F-9D22-471F-BFED-33D2A77C9F00}.AppStore|Any CPU.Build.0 = Release|Any CPU
		{E219BC8F-9D22-471F-BFED-33D2A77C9F00}.AppStore|Any CPU.Deploy.0 = Release|Any CPU
		{E219BC8F-9D22-471F-BFED-33D2A77C9F00}.AppStore|iPhone.ActiveCfg = Release|Any CPU
		{E219BC8F-9D22-471F-BFED-33D2A77C9F00}.AppStore|iPhone.Build.0 = Release|Any CPU
		{E219BC8F-9D22-471F-BFED-33D2A77C9F00}.AppStore|iPhone.Deploy.0 = Release|Any CPU
		{E219BC8F-9D22-471F-BFED-33D2A77C9F00}.AppStore|iPhoneSimulator.ActiveCfg = Release|Any CPU
		{E219BC8F-9D22-471F-BFED-33D2A77C9F00}.AppStore|iPhoneSimulator.Build.0 = Release|Any CPU
		{E219BC8F-9D22-471F-BFED-33D2A77C9F00}.AppStore|iPhoneSimulator.Deploy.0 = Release|Any CPU
		{E219BC8F-9D22-471F-BFED-33D2A77C9F00}.Debug|Any CPU.ActiveCfg = Debug|Any CPU
		{E219BC8F-9D22-471F-BFED-33D2A77C9F00}.Debug|Any CPU.Build.0 = Debug|Any CPU
		{E219BC8F-9D22-471F-BFED-33D2A77C9F00}.Debug|Any CPU.Deploy.0 = Debug|Any CPU
		{E219BC8F-9D22-471F-BFED-33D2A77C9F00}.Debug|iPhone.ActiveCfg = Debug|Any CPU
		{E219BC8F-9D22-471F-BFED-33D2A77C9F00}.Debug|iPhone.Build.0 = Debug|Any CPU
		{E219BC8F-9D22-471F-BFED-33D2A77C9F00}.Debug|iPhone.Deploy.0 = Debug|Any CPU
		{E219BC8F-9D22-471F-BFED-33D2A77C9F00}.Debug|iPhoneSimulator.ActiveCfg = Debug|Any CPU
		{E219BC8F-9D22-471F-BFED-33D2A77C9F00}.Debug|iPhoneSimulator.Build.0 = Debug|Any CPU
		{E219BC8F-9D22-471F-BFED-33D2A77C9F00}.Debug|iPhoneSimulator.Deploy.0 = Debug|Any CPU
		{E219BC8F-9D22-471F-BFED-33D2A77C9F00}.Release|Any CPU.ActiveCfg = Release|Any CPU
		{E219BC8F-9D22-471F-BFED-33D2A77C9F00}.Release|Any CPU.Build.0 = Release|Any CPU
		{E219BC8F-9D22-471F-BFED-33D2A77C9F00}.Release|Any CPU.Deploy.0 = Release|Any CPU
		{E219BC8F-9D22-471F-BFED-33D2A77C9F00}.Release|iPhone.ActiveCfg = Release|Any CPU
		{E219BC8F-9D22-471F-BFED-33D2A77C9F00}.Release|iPhone.Build.0 = Release|Any CPU
		{E219BC8F-9D22-471F-BFED-33D2A77C9F00}.Release|iPhone.Deploy.0 = Release|Any CPU
		{E219BC8F-9D22-471F-BFED-33D2A77C9F00}.Release|iPhoneSimulator.ActiveCfg = Release|Any CPU
		{E219BC8F-9D22-471F-BFED-33D2A77C9F00}.Release|iPhoneSimulator.Build.0 = Release|Any CPU
		{E219BC8F-9D22-471F-BFED-33D2A77C9F00}.Release|iPhoneSimulator.Deploy.0 = Release|Any CPU
		{DE0DE6E3-12EC-49F3-ADE9-728BC72649AC}.Ad-Hoc|Any CPU.ActiveCfg = Ad-Hoc|iPhone
		{DE0DE6E3-12EC-49F3-ADE9-728BC72649AC}.Ad-Hoc|Any CPU.Build.0 = Ad-Hoc|iPhone
		{DE0DE6E3-12EC-49F3-ADE9-728BC72649AC}.Ad-Hoc|Any CPU.Deploy.0 = Ad-Hoc|iPhone
		{DE0DE6E3-12EC-49F3-ADE9-728BC72649AC}.Ad-Hoc|iPhone.ActiveCfg = Ad-Hoc|iPhone
		{DE0DE6E3-12EC-49F3-ADE9-728BC72649AC}.Ad-Hoc|iPhone.Build.0 = Ad-Hoc|iPhone
		{DE0DE6E3-12EC-49F3-ADE9-728BC72649AC}.Ad-Hoc|iPhone.Deploy.0 = Ad-Hoc|iPhone
		{DE0DE6E3-12EC-49F3-ADE9-728BC72649AC}.Ad-Hoc|iPhoneSimulator.ActiveCfg = Ad-Hoc|iPhoneSimulator
		{DE0DE6E3-12EC-49F3-ADE9-728BC72649AC}.Ad-Hoc|iPhoneSimulator.Build.0 = Ad-Hoc|iPhoneSimulator
		{DE0DE6E3-12EC-49F3-ADE9-728BC72649AC}.Ad-Hoc|iPhoneSimulator.Deploy.0 = Ad-Hoc|iPhoneSimulator
		{DE0DE6E3-12EC-49F3-ADE9-728BC72649AC}.AppStore|Any CPU.ActiveCfg = AppStore|iPhone
		{DE0DE6E3-12EC-49F3-ADE9-728BC72649AC}.AppStore|Any CPU.Build.0 = AppStore|iPhone
		{DE0DE6E3-12EC-49F3-ADE9-728BC72649AC}.AppStore|Any CPU.Deploy.0 = AppStore|iPhone
		{DE0DE6E3-12EC-49F3-ADE9-728BC72649AC}.AppStore|iPhone.ActiveCfg = AppStore|iPhone
		{DE0DE6E3-12EC-49F3-ADE9-728BC72649AC}.AppStore|iPhone.Build.0 = AppStore|iPhone
		{DE0DE6E3-12EC-49F3-ADE9-728BC72649AC}.AppStore|iPhone.Deploy.0 = AppStore|iPhone
		{DE0DE6E3-12EC-49F3-ADE9-728BC72649AC}.AppStore|iPhoneSimulator.ActiveCfg = AppStore|iPhoneSimulator
		{DE0DE6E3-12EC-49F3-ADE9-728BC72649AC}.AppStore|iPhoneSimulator.Build.0 = AppStore|iPhoneSimulator
		{DE0DE6E3-12EC-49F3-ADE9-728BC72649AC}.AppStore|iPhoneSimulator.Deploy.0 = AppStore|iPhoneSimulator
		{DE0DE6E3-12EC-49F3-ADE9-728BC72649AC}.Debug|Any CPU.ActiveCfg = Debug|iPhoneSimulator
		{DE0DE6E3-12EC-49F3-ADE9-728BC72649AC}.Debug|Any CPU.Build.0 = Debug|iPhoneSimulator
		{DE0DE6E3-12EC-49F3-ADE9-728BC72649AC}.Debug|Any CPU.Deploy.0 = Debug|iPhoneSimulator
		{DE0DE6E3-12EC-49F3-ADE9-728BC72649AC}.Debug|iPhone.ActiveCfg = Debug|iPhone
		{DE0DE6E3-12EC-49F3-ADE9-728BC72649AC}.Debug|iPhone.Build.0 = Debug|iPhone
		{DE0DE6E3-12EC-49F3-ADE9-728BC72649AC}.Debug|iPhone.Deploy.0 = Debug|iPhone
		{DE0DE6E3-12EC-49F3-ADE9-728BC72649AC}.Debug|iPhoneSimulator.ActiveCfg = Debug|iPhoneSimulator
		{DE0DE6E3-12EC-49F3-ADE9-728BC72649AC}.Debug|iPhoneSimulator.Build.0 = Debug|iPhoneSimulator
		{DE0DE6E3-12EC-49F3-ADE9-728BC72649AC}.Debug|iPhoneSimulator.Deploy.0 = Debug|iPhoneSimulator
		{DE0DE6E3-12EC-49F3-ADE9-728BC72649AC}.Release|Any CPU.ActiveCfg = Release|iPhone
		{DE0DE6E3-12EC-49F3-ADE9-728BC72649AC}.Release|Any CPU.Build.0 = Release|iPhone
		{DE0DE6E3-12EC-49F3-ADE9-728BC72649AC}.Release|Any CPU.Deploy.0 = Release|iPhone
		{DE0DE6E3-12EC-49F3-ADE9-728BC72649AC}.Release|iPhone.ActiveCfg = Release|iPhone
		{DE0DE6E3-12EC-49F3-ADE9-728BC72649AC}.Release|iPhone.Build.0 = Release|iPhone
		{DE0DE6E3-12EC-49F3-ADE9-728BC72649AC}.Release|iPhone.Deploy.0 = Release|iPhone
		{DE0DE6E3-12EC-49F3-ADE9-728BC72649AC}.Release|iPhoneSimulator.ActiveCfg = Release|iPhoneSimulator
		{DE0DE6E3-12EC-49F3-ADE9-728BC72649AC}.Release|iPhoneSimulator.Build.0 = Release|iPhoneSimulator
		{DE0DE6E3-12EC-49F3-ADE9-728BC72649AC}.Release|iPhoneSimulator.Deploy.0 = Release|iPhoneSimulator
		{E4833E47-1A5D-4EB8-8EA5-ADEDBC29E1E7}.Ad-Hoc|Any CPU.ActiveCfg = Debug|Any CPU
		{E4833E47-1A5D-4EB8-8EA5-ADEDBC29E1E7}.Ad-Hoc|Any CPU.Build.0 = Debug|Any CPU
		{E4833E47-1A5D-4EB8-8EA5-ADEDBC29E1E7}.Ad-Hoc|Any CPU.Deploy.0 = Debug|Any CPU
		{E4833E47-1A5D-4EB8-8EA5-ADEDBC29E1E7}.Ad-Hoc|iPhone.ActiveCfg = Debug|Any CPU
		{E4833E47-1A5D-4EB8-8EA5-ADEDBC29E1E7}.Ad-Hoc|iPhone.Build.0 = Debug|Any CPU
		{E4833E47-1A5D-4EB8-8EA5-ADEDBC29E1E7}.Ad-Hoc|iPhone.Deploy.0 = Debug|Any CPU
		{E4833E47-1A5D-4EB8-8EA5-ADEDBC29E1E7}.Ad-Hoc|iPhoneSimulator.ActiveCfg = Debug|Any CPU
		{E4833E47-1A5D-4EB8-8EA5-ADEDBC29E1E7}.Ad-Hoc|iPhoneSimulator.Build.0 = Debug|Any CPU
		{E4833E47-1A5D-4EB8-8EA5-ADEDBC29E1E7}.Ad-Hoc|iPhoneSimulator.Deploy.0 = Debug|Any CPU
		{E4833E47-1A5D-4EB8-8EA5-ADEDBC29E1E7}.AppStore|Any CPU.ActiveCfg = Debug|Any CPU
		{E4833E47-1A5D-4EB8-8EA5-ADEDBC29E1E7}.AppStore|Any CPU.Build.0 = Debug|Any CPU
		{E4833E47-1A5D-4EB8-8EA5-ADEDBC29E1E7}.AppStore|Any CPU.Deploy.0 = Debug|Any CPU
		{E4833E47-1A5D-4EB8-8EA5-ADEDBC29E1E7}.AppStore|iPhone.ActiveCfg = Debug|Any CPU
		{E4833E47-1A5D-4EB8-8EA5-ADEDBC29E1E7}.AppStore|iPhone.Build.0 = Debug|Any CPU
		{E4833E47-1A5D-4EB8-8EA5-ADEDBC29E1E7}.AppStore|iPhone.Deploy.0 = Debug|Any CPU
		{E4833E47-1A5D-4EB8-8EA5-ADEDBC29E1E7}.AppStore|iPhoneSimulator.ActiveCfg = Debug|Any CPU
		{E4833E47-1A5D-4EB8-8EA5-ADEDBC29E1E7}.AppStore|iPhoneSimulator.Build.0 = Debug|Any CPU
		{E4833E47-1A5D-4EB8-8EA5-ADEDBC29E1E7}.AppStore|iPhoneSimulator.Deploy.0 = Debug|Any CPU
		{E4833E47-1A5D-4EB8-8EA5-ADEDBC29E1E7}.Debug|Any CPU.ActiveCfg = Debug|Any CPU
		{E4833E47-1A5D-4EB8-8EA5-ADEDBC29E1E7}.Debug|Any CPU.Build.0 = Debug|Any CPU
		{E4833E47-1A5D-4EB8-8EA5-ADEDBC29E1E7}.Debug|Any CPU.Deploy.0 = Debug|Any CPU
		{E4833E47-1A5D-4EB8-8EA5-ADEDBC29E1E7}.Debug|iPhone.ActiveCfg = Debug|Any CPU
		{E4833E47-1A5D-4EB8-8EA5-ADEDBC29E1E7}.Debug|iPhone.Build.0 = Debug|Any CPU
		{E4833E47-1A5D-4EB8-8EA5-ADEDBC29E1E7}.Debug|iPhone.Deploy.0 = Debug|Any CPU
		{E4833E47-1A5D-4EB8-8EA5-ADEDBC29E1E7}.Debug|iPhoneSimulator.ActiveCfg = Debug|Any CPU
		{E4833E47-1A5D-4EB8-8EA5-ADEDBC29E1E7}.Debug|iPhoneSimulator.Build.0 = Debug|Any CPU
		{E4833E47-1A5D-4EB8-8EA5-ADEDBC29E1E7}.Debug|iPhoneSimulator.Deploy.0 = Debug|Any CPU
		{E4833E47-1A5D-4EB8-8EA5-ADEDBC29E1E7}.Release|Any CPU.ActiveCfg = Release|Any CPU
		{E4833E47-1A5D-4EB8-8EA5-ADEDBC29E1E7}.Release|Any CPU.Build.0 = Release|Any CPU
		{E4833E47-1A5D-4EB8-8EA5-ADEDBC29E1E7}.Release|Any CPU.Deploy.0 = Release|Any CPU
		{E4833E47-1A5D-4EB8-8EA5-ADEDBC29E1E7}.Release|iPhone.ActiveCfg = Release|Any CPU
		{E4833E47-1A5D-4EB8-8EA5-ADEDBC29E1E7}.Release|iPhone.Build.0 = Release|Any CPU
		{E4833E47-1A5D-4EB8-8EA5-ADEDBC29E1E7}.Release|iPhone.Deploy.0 = Release|Any CPU
		{E4833E47-1A5D-4EB8-8EA5-ADEDBC29E1E7}.Release|iPhoneSimulator.ActiveCfg = Release|Any CPU
		{E4833E47-1A5D-4EB8-8EA5-ADEDBC29E1E7}.Release|iPhoneSimulator.Build.0 = Release|Any CPU
		{E4833E47-1A5D-4EB8-8EA5-ADEDBC29E1E7}.Release|iPhoneSimulator.Deploy.0 = Release|Any CPU
	EndGlobalSection
	GlobalSection(SolutionProperties) = preSolution
		HideSolutionNode = FALSE
	EndGlobalSection
	GlobalSection(ExtensibilityGlobals) = postSolution
		SolutionGuid = {768EECAA-F6B3-424B-8CB2-C1DD5DFF9AE1}
	EndGlobalSection
EndGlobal
